
Microsoft Visual Studio Solution File, Format Version 12.00
# Visual Studio Version 17
VisualStudioVersion = 17.0.31903.59
MinimumVisualStudioVersion = 10.0.40219.1
Project("{2150E333-8FDC-42A3-9474-1A3956D46DE8}") = "src", "src", "{827E0CD3-B72D-47B6-A68D-7590B98EB39B}"
EndProject
Project("{FAE04EC0-301F-11D3-BF4B-00C04F79EFBC}") = "RCRAInfo.Core", "src\RCRAInfo.Core\RCRAInfo.Core.csproj", "{673B4AB9-264A-41E7-8F49-A28208899AC4}"
EndProject
Project("{FAE04EC0-301F-11D3-BF4B-00C04F79EFBC}") = "RCRAInfo.Data", "src\RCRAInfo.Data\RCRAInfo.Data.csproj", "{CE523657-8D05-499C-8C18-40D35B7E44D4}"
EndProject
Project("{FAE04EC0-301F-11D3-BF4B-00C04F79EFBC}") = "RCRAInfo.Loader", "src\RCRAInfo.Loader\RCRAInfo.Loader.csproj", "{4B082204-F23D-4453-9E44-BA4E9E989EF5}"
EndProject
Project("{FAE04EC0-301F-11D3-BF4B-00C04F79EFBC}") = "RCRAInfo.Monitor", "src\RCRAInfo.Monitor\RCRAInfo.Monitor.csproj", "{3B150685-EA7B-43C4-AE94-F836ABEA0FE0}"
EndProject
Project("{2150E333-8FDC-42A3-9474-1A3956D46DE8}") = "tools", "tools", "{07C2787E-EAC7-C090-1BA3-A61EC2A24D84}"
EndProject
Project("{FAE04EC0-301F-11D3-BF4B-00C04F79EFBC}") = "RCRAInfo.SqlCheck", "tools\RCRAInfo.SqlCheck\RCRAInfo.SqlCheck.csproj", "{6D9BC843-E6DF-4A0B-802E-73A61F30138D}"
EndProject
Project("{2150E333-8FDC-42A3-9474-1A3956D46DE8}") = "tests", "tests", "{0AB3BF05-4346-4AA6-1389-037BE0695223}"
EndProject
Project("{FAE04EC0-301F-11D3-BF4B-00C04F79EFBC}") = "RCRAInfo.Core.Tests", "tests\RCRAInfo.Core.Tests\RCRAInfo.Core.Tests.csproj", "{22D1C5AF-5948-418C-9BAF-9F4DCF38F71E}"
EndProject
Project("{FAE04EC0-301F-11D3-BF4B-00C04F79EFBC}") = "RCRAInfo.Data.Tests", "tests\RCRAInfo.Data.Tests\RCRAInfo.Data.Tests.csproj", "{FFAD6AB5-8138-4A8D-BA70-C9BC1C70327B}"
EndProject
Project("{FAE04EC0-301F-11D3-BF4B-00C04F79EFBC}") = "RCRAInfo.Loader.Tests", "tests\RCRAInfo.Loader.Tests\RCRAInfo.Loader.Tests.csproj", "{CE326EF3-109B-4C1E-B141-CFF89EB86F88}"
EndProject
Project("{FAE04EC0-301F-11D3-BF4B-00C04F79EFBC}") = "RCRAInfo.Data.Integration.Tests", "tests\RCRAInfo.Data.Integration.Tests\RCRAInfo.Data.Integration.Tests.csproj", "{C84C8FD3-D764-4951-9651-B84976B2C71B}"
EndProject
Global
	GlobalSection(SolutionConfigurationPlatforms) = preSolution
		Debug|Any CPU = Debug|Any CPU
		Debug|x64 = Debug|x64
		Debug|x86 = Debug|x86
		Release|Any CPU = Release|Any CPU
		Release|x64 = Release|x64
		Release|x86 = Release|x86
	EndGlobalSection
	GlobalSection(ProjectConfigurationPlatforms) = postSolution
		{673B4AB9-264A-41E7-8F49-A28208899AC4}.Debug|Any CPU.ActiveCfg = Debug|Any CPU
		{673B4AB9-264A-41E7-8F49-A28208899AC4}.Debug|Any CPU.Build.0 = Debug|Any CPU
		{673B4AB9-264A-41E7-8F49-A28208899AC4}.Debug|x64.ActiveCfg = Debug|Any CPU
		{673B4AB9-264A-41E7-8F49-A28208899AC4}.Debug|x64.Build.0 = Debug|Any CPU
		{673B4AB9-264A-41E7-8F49-A28208899AC4}.Debug|x86.ActiveCfg = Debug|Any CPU
		{673B4AB9-264A-41E7-8F49-A28208899AC4}.Debug|x86.Build.0 = Debug|Any CPU
		{673B4AB9-264A-41E7-8F49-A28208899AC4}.Release|Any CPU.ActiveCfg = Release|Any CPU
		{673B4AB9-264A-41E7-8F49-A28208899AC4}.Release|Any CPU.Build.0 = Release|Any CPU
		{673B4AB9-264A-41E7-8F49-A28208899AC4}.Release|x64.ActiveCfg = Release|Any CPU
		{673B4AB9-264A-41E7-8F49-A28208899AC4}.Release|x64.Build.0 = Release|Any CPU
		{673B4AB9-264A-41E7-8F49-A28208899AC4}.Release|x86.ActiveCfg = Release|Any CPU
		{673B4AB9-264A-41E7-8F49-A28208899AC4}.Release|x86.Build.0 = Release|Any CPU
		{CE523657-8D05-499C-8C18-40D35B7E44D4}.Debug|Any CPU.ActiveCfg = Debug|Any CPU
		{CE523657-8D05-499C-8C18-40D35B7E44D4}.Debug|Any CPU.Build.0 = Debug|Any CPU
		{CE523657-8D05-499C-8C18-40D35B7E44D4}.Debug|x64.ActiveCfg = Debug|Any CPU
		{CE523657-8D05-499C-8C18-40D35B7E44D4}.Debug|x64.Build.0 = Debug|Any CPU
		{CE523657-8D05-499C-8C18-40D35B7E44D4}.Debug|x86.ActiveCfg = Debug|Any CPU
		{CE523657-8D05-499C-8C18-40D35B7E44D4}.Debug|x86.Build.0 = Debug|Any CPU
		{CE523657-8D05-499C-8C18-40D35B7E44D4}.Release|Any CPU.ActiveCfg = Release|Any CPU
		{CE523657-8D05-499C-8C18-40D35B7E44D4}.Release|Any CPU.Build.0 = Release|Any CPU
		{CE523657-8D05-499C-8C18-40D35B7E44D4}.Release|x64.ActiveCfg = Release|Any CPU
		{CE523657-8D05-499C-8C18-40D35B7E44D4}.Release|x64.Build.0 = Release|Any CPU
		{CE523657-8D05-499C-8C18-40D35B7E44D4}.Release|x86.ActiveCfg = Release|Any CPU
		{CE523657-8D05-499C-8C18-40D35B7E44D4}.Release|x86.Build.0 = Release|Any CPU
		{4B082204-F23D-4453-9E44-BA4E9E989EF5}.Debug|Any CPU.ActiveCfg = Debug|Any CPU
		{4B082204-F23D-4453-9E44-BA4E9E989EF5}.Debug|Any CPU.Build.0 = Debug|Any CPU
		{4B082204-F23D-4453-9E44-BA4E9E989EF5}.Debug|x64.ActiveCfg = Debug|Any CPU
		{4B082204-F23D-4453-9E44-BA4E9E989EF5}.Debug|x64.Build.0 = Debug|Any CPU
		{4B082204-F23D-4453-9E44-BA4E9E989EF5}.Debug|x86.ActiveCfg = Debug|Any CPU
		{4B082204-F23D-4453-9E44-BA4E9E989EF5}.Debug|x86.Build.0 = Debug|Any CPU
		{4B082204-F23D-4453-9E44-BA4E9E989EF5}.Release|Any CPU.ActiveCfg = Release|Any CPU
		{4B082204-F23D-4453-9E44-BA4E9E989EF5}.Release|Any CPU.Build.0 = Release|Any CPU
		{4B082204-F23D-4453-9E44-BA4E9E989EF5}.Release|x64.ActiveCfg = Release|Any CPU
		{4B082204-F23D-4453-9E44-BA4E9E989EF5}.Release|x64.Build.0 = Release|Any CPU
		{4B082204-F23D-4453-9E44-BA4E9E989EF5}.Release|x86.ActiveCfg = Release|Any CPU
		{4B082204-F23D-4453-9E44-BA4E9E989EF5}.Release|x86.Build.0 = Release|Any CPU
		{3B150685-EA7B-43C4-AE94-F836ABEA0FE0}.Debug|Any CPU.ActiveCfg = Debug|Any CPU
		{3B150685-EA7B-43C4-AE94-F836ABEA0FE0}.Debug|Any CPU.Build.0 = Debug|Any CPU
		{3B150685-EA7B-43C4-AE94-F836ABEA0FE0}.Debug|x64.ActiveCfg = Debug|Any CPU
		{3B150685-EA7B-43C4-AE94-F836ABEA0FE0}.Debug|x64.Build.0 = Debug|Any CPU
		{3B150685-EA7B-43C4-AE94-F836ABEA0FE0}.Debug|x86.ActiveCfg = Debug|Any CPU
		{3B150685-EA7B-43C4-AE94-F836ABEA0FE0}.Debug|x86.Build.0 = Debug|Any CPU
		{3B150685-EA7B-43C4-AE94-F836ABEA0FE0}.Release|Any CPU.ActiveCfg = Release|Any CPU
		{3B150685-EA7B-43C4-AE94-F836ABEA0FE0}.Release|Any CPU.Build.0 = Release|Any CPU
		{3B150685-EA7B-43C4-AE94-F836ABEA0FE0}.Release|x64.ActiveCfg = Release|Any CPU
		{3B150685-EA7B-43C4-AE94-F836ABEA0FE0}.Release|x64.Build.0 = Release|Any CPU
		{3B150685-EA7B-43C4-AE94-F836ABEA0FE0}.Release|x86.ActiveCfg = Release|Any CPU
		{3B150685-EA7B-43C4-AE94-F836ABEA0FE0}.Release|x86.Build.0 = Release|Any CPU
		{6D9BC843-E6DF-4A0B-802E-73A61F30138D}.Debug|Any CPU.ActiveCfg = Debug|Any CPU
		{6D9BC843-E6DF-4A0B-802E-73A61F30138D}.Debug|Any CPU.Build.0 = Debug|Any CPU
		{6D9BC843-E6DF-4A0B-802E-73A61F30138D}.Debug|x64.ActiveCfg = Debug|Any CPU
		{6D9BC843-E6DF-4A0B-802E-73A61F30138D}.Debug|x64.Build.0 = Debug|Any CPU
		{6D9BC843-E6DF-4A0B-802E-73A61F30138D}.Debug|x86.ActiveCfg = Debug|Any CPU
		{6D9BC843-E6DF-4A0B-802E-73A61F30138D}.Debug|x86.Build.0 = Debug|Any CPU
		{6D9BC843-E6DF-4A0B-802E-73A61F30138D}.Release|Any CPU.ActiveCfg = Release|Any CPU
		{6D9BC843-E6DF-4A0B-802E-73A61F30138D}.Release|Any CPU.Build.0 = Release|Any CPU
		{6D9BC843-E6DF-4A0B-802E-73A61F30138D}.Release|x64.ActiveCfg = Release|Any CPU
		{6D9BC843-E6DF-4A0B-802E-73A61F30138D}.Release|x64.Build.0 = Release|Any CPU
		{6D9BC843-E6DF-4A0B-802E-73A61F30138D}.Release|x86.ActiveCfg = Release|Any CPU
		{6D9BC843-E6DF-4A0B-802E-73A61F30138D}.Release|x86.Build.0 = Release|Any CPU
		{22D1C5AF-5948-418C-9BAF-9F4DCF38F71E}.Debug|Any CPU.ActiveCfg = Debug|Any CPU
		{22D1C5AF-5948-418C-9BAF-9F4DCF38F71E}.Debug|Any CPU.Build.0 = Debug|Any CPU
		{22D1C5AF-5948-418C-9BAF-9F4DCF38F71E}.Debug|x64.ActiveCfg = Debug|Any CPU
		{22D1C5AF-5948-418C-9BAF-9F4DCF38F71E}.Debug|x64.Build.0 = Debug|Any CPU
		{22D1C5AF-5948-418C-9BAF-9F4DCF38F71E}.Debug|x86.ActiveCfg = Debug|Any CPU
		{22D1C5AF-5948-418C-9BAF-9F4DCF38F71E}.Debug|x86.Build.0 = Debug|Any CPU
		{22D1C5AF-5948-418C-9BAF-9F4DCF38F71E}.Release|Any CPU.ActiveCfg = Release|Any CPU
		{22D1C5AF-5948-418C-9BAF-9F4DCF38F71E}.Release|Any CPU.Build.0 = Release|Any CPU
		{22D1C5AF-5948-418C-9BAF-9F4DCF38F71E}.Release|x64.ActiveCfg = Release|Any CPU
		{22D1C5AF-5948-418C-9BAF-9F4DCF38F71E}.Release|x64.Build.0 = Release|Any CPU
		{22D1C5AF-5948-418C-9BAF-9F4DCF38F71E}.Release|x86.ActiveCfg = Release|Any CPU
		{22D1C5AF-5948-418C-9BAF-9F4DCF38F71E}.Release|x86.Build.0 = Release|Any CPU
		{FFAD6AB5-8138-4A8D-BA70-C9BC1C70327B}.Debug|Any CPU.ActiveCfg = Debug|Any CPU
		{FFAD6AB5-8138-4A8D-BA70-C9BC1C70327B}.Debug|Any CPU.Build.0 = Debug|Any CPU
		{FFAD6AB5-8138-4A8D-BA70-C9BC1C70327B}.Debug|x64.ActiveCfg = Debug|Any CPU
		{FFAD6AB5-8138-4A8D-BA70-C9BC1C70327B}.Debug|x64.Build.0 = Debug|Any CPU
		{FFAD6AB5-8138-4A8D-BA70-C9BC1C70327B}.Debug|x86.ActiveCfg = Debug|Any CPU
		{FFAD6AB5-8138-4A8D-BA70-C9BC1C70327B}.Debug|x86.Build.0 = Debug|Any CPU
		{FFAD6AB5-8138-4A8D-BA70-C9BC1C70327B}.Release|Any CPU.ActiveCfg = Release|Any CPU
		{FFAD6AB5-8138-4A8D-BA70-C9BC1C70327B}.Release|Any CPU.Build.0 = Release|Any CPU
		{FFAD6AB5-8138-4A8D-BA70-C9BC1C70327B}.Release|x64.ActiveCfg = Release|Any CPU
		{FFAD6AB5-8138-4A8D-BA70-C9BC1C70327B}.Release|x64.Build.0 = Release|Any CPU
		{FFAD6AB5-8138-4A8D-BA70-C9BC1C70327B}.Release|x86.ActiveCfg = Release|Any CPU
		{FFAD6AB5-8138-4A8D-BA70-C9BC1C70327B}.Release|x86.Build.0 = Release|Any CPU
		{CE326EF3-109B-4C1E-B141-CFF89EB86F88}.Debug|Any CPU.ActiveCfg = Debug|Any CPU
		{CE326EF3-109B-4C1E-B141-CFF89EB86F88}.Debug|Any CPU.Build.0 = Debug|Any CPU
		{CE326EF3-109B-4C1E-B141-CFF89EB86F88}.Debug|x64.ActiveCfg = Debug|Any CPU
		{CE326EF3-109B-4C1E-B141-CFF89EB86F88}.Debug|x64.Build.0 = Debug|Any CPU
		{CE326EF3-109B-4C1E-B141-CFF89EB86F88}.Debug|x86.ActiveCfg = Debug|Any CPU
		{CE326EF3-109B-4C1E-B141-CFF89EB86F88}.Debug|x86.Build.0 = Debug|Any CPU
		{CE326EF3-109B-4C1E-B141-CFF89EB86F88}.Release|Any CPU.ActiveCfg = Release|Any CPU
		{CE326EF3-109B-4C1E-B141-CFF89EB86F88}.Release|Any CPU.Build.0 = Release|Any CPU
		{CE326EF3-109B-4C1E-B141-CFF89EB86F88}.Release|x64.ActiveCfg = Release|Any CPU
		{CE326EF3-109B-4C1E-B141-CFF89EB86F88}.Release|x64.Build.0 = Release|Any CPU
		{CE326EF3-109B-4C1E-B141-CFF89EB86F88}.Release|x86.ActiveCfg = Release|Any CPU
		{CE326EF3-109B-4C1E-B141-CFF89EB86F88}.Release|x86.Build.0 = Release|Any CPU
		{C84C8FD3-D764-4951-9651-B84976B2C71B}.Debug|Any CPU.ActiveCfg = Debug|Any CPU
		{C84C8FD3-D764-4951-9651-B84976B2C71B}.Debug|Any CPU.Build.0 = Debug|Any CPU
		{C84C8FD3-D764-4951-9651-B84976B2C71B}.Debug|x64.ActiveCfg = Debug|Any CPU
		{C84C8FD3-D764-4951-9651-B84976B2C71B}.Debug|x64.Build.0 = Debug|Any CPU
		{C84C8FD3-D764-4951-9651-B84976B2C71B}.Debug|x86.ActiveCfg = Debug|Any CPU
		{C84C8FD3-D764-4951-9651-B84976B2C71B}.Debug|x86.Build.0 = Debug|Any CPU
		{C84C8FD3-D764-4951-9651-B84976B2C71B}.Release|Any CPU.ActiveCfg = Release|Any CPU
		{C84C8FD3-D764-4951-9651-B84976B2C71B}.Release|Any CPU.Build.0 = Release|Any CPU
		{C84C8FD3-D764-4951-9651-B84976B2C71B}.Release|x64.ActiveCfg = Release|Any CPU
		{C84C8FD3-D764-4951-9651-B84976B2C71B}.Release|x64.Build.0 = Release|Any CPU
		{C84C8FD3-D764-4951-9651-B84976B2C71B}.Release|x86.ActiveCfg = Release|Any CPU
		{C84C8FD3-D764-4951-9651-B84976B2C71B}.Release|x86.Build.0 = Release|Any CPU
	EndGlobalSection
	GlobalSection(SolutionProperties) = preSolution
		HideSolutionNode = FALSE
	EndGlobalSection
	GlobalSection(NestedProjects) = preSolution
		{673B4AB9-264A-41E7-8F49-A28208899AC4} = {827E0CD3-B72D-47B6-A68D-7590B98EB39B}
		{CE523657-8D05-499C-8C18-40D35B7E44D4} = {827E0CD3-B72D-47B6-A68D-7590B98EB39B}
		{4B082204-F23D-4453-9E44-BA4E9E989EF5} = {827E0CD3-B72D-47B6-A68D-7590B98EB39B}
		{3B150685-EA7B-43C4-AE94-F836ABEA0FE0} = {827E0CD3-B72D-47B6-A68D-7590B98EB39B}
		{6D9BC843-E6DF-4A0B-802E-73A61F30138D} = {07C2787E-EAC7-C090-1BA3-A61EC2A24D84}
		{22D1C5AF-5948-418C-9BAF-9F4DCF38F71E} = {0AB3BF05-4346-4AA6-1389-037BE0695223}
		{FFAD6AB5-8138-4A8D-BA70-C9BC1C70327B} = {0AB3BF05-4346-4AA6-1389-037BE0695223}
		{CE326EF3-109B-4C1E-B141-CFF89EB86F88} = {0AB3BF05-4346-4AA6-1389-037BE0695223}
		{C84C8FD3-D764-4951-9651-B84976B2C71B} = {0AB3BF05-4346-4AA6-1389-037BE0695223}
	EndGlobalSection
EndGlobal
